
Microsoft Visual Studio Solution File, Format Version 12.00
# Visual Studio Version 17
VisualStudioVersion = 17.0.31903.59
MinimumVisualStudioVersion = 10.0.40219.1
Project("{2150E333-8FDC-42A3-9474-1A3956D46DE8}") = "src", "src", "{827E0CD3-B72D-47B6-A68D-7590B98EB39B}"
EndProject
Project("{FAE04EC0-301F-11D3-BF4B-00C04F79EFBC}") = "SoapClientGenerator.Cli", "src\SoapClientGenerator.Cli\SoapClientGenerator.Cli.csproj", "{1EBA1F9D-391B-4B2E-A0D7-A9E6F95C32CE}"
EndProject
Project("{FAE04EC0-301F-11D3-BF4B-00C04F79EFBC}") = "SoapClientGenerator.Parser", "src\SoapClientGenerator.Parser\SoapClientGenerator.Parser.csproj", "{CB3D73F0-6A52-4AB0-904C-761B8DE4FBDA}"
EndProject
Project("{2150E333-8FDC-42A3-9474-1A3956D46DE8}") = "tests", "tests", "{0AB3BF05-4346-4AA6-1389-037BE0695223}"
EndProject
Project("{FAE04EC0-301F-11D3-BF4B-00C04F79EFBC}") = "SoapClientGenerator.ParserTests", "tests\SoapClientGenerator.ParserTests\SoapClientGenerator.ParserTests.csproj", "{7CA4F149-B7B9-4E36-AF9D-5AF4FEBB9B91}"
EndProject
Project("{FAE04EC0-301F-11D3-BF4B-00C04F79EFBC}") = "SoapClientGenerator.DotnetClientGenerator", "src\SoapClientGenerator.DotnetClientGenerator\SoapClientGenerator.DotnetClientGenerator.csproj", "{FF919B6C-CD47-491A-B559-85C2C650D196}"
EndProject
Global
	GlobalSection(SolutionConfigurationPlatforms) = preSolution
		Debug|Any CPU = Debug|Any CPU
		Debug|x64 = Debug|x64
		Debug|x86 = Debug|x86
		Release|Any CPU = Release|Any CPU
		Release|x64 = Release|x64
		Release|x86 = Release|x86
	EndGlobalSection
	GlobalSection(ProjectConfigurationPlatforms) = postSolution
		{1EBA1F9D-391B-4B2E-A0D7-A9E6F95C32CE}.Debug|Any CPU.ActiveCfg = Debug|Any CPU
		{1EBA1F9D-391B-4B2E-A0D7-A9E6F95C32CE}.Debug|Any CPU.Build.0 = Debug|Any CPU
		{1EBA1F9D-391B-4B2E-A0D7-A9E6F95C32CE}.Debug|x64.ActiveCfg = Debug|Any CPU
		{1EBA1F9D-391B-4B2E-A0D7-A9E6F95C32CE}.Debug|x64.Build.0 = Debug|Any CPU
		{1EBA1F9D-391B-4B2E-A0D7-A9E6F95C32CE}.Debug|x86.ActiveCfg = Debug|Any CPU
		{1EBA1F9D-391B-4B2E-A0D7-A9E6F95C32CE}.Debug|x86.Build.0 = Debug|Any CPU
		{1EBA1F9D-391B-4B2E-A0D7-A9E6F95C32CE}.Release|Any CPU.ActiveCfg = Release|Any CPU
		{1EBA1F9D-391B-4B2E-A0D7-A9E6F95C32CE}.Release|Any CPU.Build.0 = Release|Any CPU
		{1EBA1F9D-391B-4B2E-A0D7-A9E6F95C32CE}.Release|x64.ActiveCfg = Release|Any CPU
		{1EBA1F9D-391B-4B2E-A0D7-A9E6F95C32CE}.Release|x64.Build.0 = Release|Any CPU
		{1EBA1F9D-391B-4B2E-A0D7-A9E6F95C32CE}.Release|x86.ActiveCfg = Release|Any CPU
		{1EBA1F9D-391B-4B2E-A0D7-A9E6F95C32CE}.Release|x86.Build.0 = Release|Any CPU
		{CB3D73F0-6A52-4AB0-904C-761B8DE4FBDA}.Debug|Any CPU.ActiveCfg = Debug|Any CPU
		{CB3D73F0-6A52-4AB0-904C-761B8DE4FBDA}.Debug|Any CPU.Build.0 = Debug|Any CPU
		{CB3D73F0-6A52-4AB0-904C-761B8DE4FBDA}.Debug|x64.ActiveCfg = Debug|Any CPU
		{CB3D73F0-6A52-4AB0-904C-761B8DE4FBDA}.Debug|x64.Build.0 = Debug|Any CPU
		{CB3D73F0-6A52-4AB0-904C-761B8DE4FBDA}.Debug|x86.ActiveCfg = Debug|Any CPU
		{CB3D73F0-6A52-4AB0-904C-761B8DE4FBDA}.Debug|x86.Build.0 = Debug|Any CPU
		{CB3D73F0-6A52-4AB0-904C-761B8DE4FBDA}.Release|Any CPU.ActiveCfg = Release|Any CPU
		{CB3D73F0-6A52-4AB0-904C-761B8DE4FBDA}.Release|Any CPU.Build.0 = Release|Any CPU
		{CB3D73F0-6A52-4AB0-904C-761B8DE4FBDA}.Release|x64.ActiveCfg = Release|Any CPU
		{CB3D73F0-6A52-4AB0-904C-761B8DE4FBDA}.Release|x64.Build.0 = Release|Any CPU
		{CB3D73F0-6A52-4AB0-904C-761B8DE4FBDA}.Release|x86.ActiveCfg = Release|Any CPU
		{CB3D73F0-6A52-4AB0-904C-761B8DE4FBDA}.Release|x86.Build.0 = Release|Any CPU
		{7CA4F149-B7B9-4E36-AF9D-5AF4FEBB9B91}.Debug|Any CPU.ActiveCfg = Debug|Any CPU
		{7CA4F149-B7B9-4E36-AF9D-5AF4FEBB9B91}.Debug|Any CPU.Build.0 = Debug|Any CPU
		{7CA4F149-B7B9-4E36-AF9D-5AF4FEBB9B91}.Debug|x64.ActiveCfg = Debug|Any CPU
		{7CA4F149-B7B9-4E36-AF9D-5AF4FEBB9B91}.Debug|x64.Build.0 = Debug|Any CPU
		{7CA4F149-B7B9-4E36-AF9D-5AF4FEBB9B91}.Debug|x86.ActiveCfg = Debug|Any CPU
		{7CA4F149-B7B9-4E36-AF9D-5AF4FEBB9B91}.Debug|x86.Build.0 = Debug|Any CPU
		{7CA4F149-B7B9-4E36-AF9D-5AF4FEBB9B91}.Release|Any CPU.ActiveCfg = Release|Any CPU
		{7CA4F149-B7B9-4E36-AF9D-5AF4FEBB9B91}.Release|Any CPU.Build.0 = Release|Any CPU
		{7CA4F149-B7B9-4E36-AF9D-5AF4FEBB9B91}.Release|x64.ActiveCfg = Release|Any CPU
		{7CA4F149-B7B9-4E36-AF9D-5AF4FEBB9B91}.Release|x64.Build.0 = Release|Any CPU
		{7CA4F149-B7B9-4E36-AF9D-5AF4FEBB9B91}.Release|x86.ActiveCfg = Release|Any CPU
		{7CA4F149-B7B9-4E36-AF9D-5AF4FEBB9B91}.Release|x86.Build.0 = Release|Any CPU
		{FF919B6C-CD47-491A-B559-85C2C650D196}.Debug|Any CPU.ActiveCfg = Debug|Any CPU
		{FF919B6C-CD47-491A-B559-85C2C650D196}.Debug|Any CPU.Build.0 = Debug|Any CPU
		{FF919B6C-CD47-491A-B559-85C2C650D196}.Debug|x64.ActiveCfg = Debug|Any CPU
		{FF919B6C-CD47-491A-B559-85C2C650D196}.Debug|x64.Build.0 = Debug|Any CPU
		{FF919B6C-CD47-491A-B559-85C2C650D196}.Debug|x86.ActiveCfg = Debug|Any CPU
		{FF919B6C-CD47-491A-B559-85C2C650D196}.Debug|x86.Build.0 = Debug|Any CPU
		{FF919B6C-CD47-491A-B559-85C2C650D196}.Release|Any CPU.ActiveCfg = Release|Any CPU
		{FF919B6C-CD47-491A-B559-85C2C650D196}.Release|Any CPU.Build.0 = Release|Any CPU
		{FF919B6C-CD47-491A-B559-85C2C650D196}.Release|x64.ActiveCfg = Release|Any CPU
		{FF919B6C-CD47-491A-B559-85C2C650D196}.Release|x64.Build.0 = Release|Any CPU
		{FF919B6C-CD47-491A-B559-85C2C650D196}.Release|x86.ActiveCfg = Release|Any CPU
		{FF919B6C-CD47-491A-B559-85C2C650D196}.Release|x86.Build.0 = Release|Any CPU
	EndGlobalSection
	GlobalSection(SolutionProperties) = preSolution
		HideSolutionNode = FALSE
	EndGlobalSection
	GlobalSection(NestedProjects) = preSolution
		{1EBA1F9D-391B-4B2E-A0D7-A9E6F95C32CE} = {827E0CD3-B72D-47B6-A68D-7590B98EB39B}
		{CB3D73F0-6A52-4AB0-904C-761B8DE4FBDA} = {827E0CD3-B72D-47B6-A68D-7590B98EB39B}
		{7CA4F149-B7B9-4E36-AF9D-5AF4FEBB9B91} = {0AB3BF05-4346-4AA6-1389-037BE0695223}
		{FF919B6C-CD47-491A-B559-85C2C650D196} = {827E0CD3-B72D-47B6-A68D-7590B98EB39B}
	EndGlobalSection
EndGlobal
